
Microsoft Visual Studio Solution File, Format Version 12.00
# Visual Studio Version 17
VisualStudioVersion = 17.5.33414.496
MinimumVisualStudioVersion = 10.0.40219.1
Project("{9A19103F-16F7-4668-BE54-9A1E7A4F7556}") = "QRCodeDecoderLibrary", "src\QRCodeDecoderLibrary\QRCodeDecoderLibrary.csproj", "{33C1C968-3E83-44F1-A243-2908D4E1221E}"
EndProject
Project("{9A19103F-16F7-4668-BE54-9A1E7A4F7556}") = "DecoderTest", "src\DecoderTest\DecoderTest.csproj", "{47C65212-BF3F-4F12-9B7D-75FB966BD24B}"
EndProject
Global
	GlobalSection(SolutionConfigurationPlatforms) = preSolution
		Debug|Any CPU = Debug|Any CPU
		Release|Any CPU = Release|Any CPU
	EndGlobalSection
	GlobalSection(ProjectConfigurationPlatforms) = postSolution
		{33C1C968-3E83-44F1-A243-2908D4E1221E}.Debug|Any CPU.ActiveCfg = Debug|Any CPU
		{33C1C968-3E83-44F1-A243-2908D4E1221E}.Debug|Any CPU.Build.0 = Debug|Any CPU
		{33C1C968-3E83-44F1-A243-2908D4E1221E}.Release|Any CPU.ActiveCfg = Release|Any CPU
		{33C1C968-3E83-44F1-A243-2908D4E1221E}.Release|Any CPU.Build.0 = Release|Any CPU
		{47C65212-BF3F-4F12-9B7D-75FB966BD24B}.Debug|Any CPU.ActiveCfg = Debug|Any CPU
		{47C65212-BF3F-4F12-9B7D-75FB966BD24B}.Debug|Any CPU.Build.0 = Debug|Any CPU
		{47C65212-BF3F-4F12-9B7D-75FB966BD24B}.Release|Any CPU.ActiveCfg = Release|Any CPU
		{47C65212-BF3F-4F12-9B7D-75FB966BD24B}.Release|Any CPU.Build.0 = Release|Any CPU
	EndGlobalSection
	GlobalSection(SolutionProperties) = preSolution
		HideSolutionNode = FALSE
	EndGlobalSection
	GlobalSection(ExtensibilityGlobals) = postSolution
		SolutionGuid = {31409F78-5D04-4D1F-B390-076530995DEA}
	EndGlobalSection
EndGlobal
